schema: '2.0'
stages:
  train:
    cmd: python code/tiny_train.py
    deps:
    - path: code/bert_dataset.py
      hash: md5
      md5: 78c854fac71d12bdf81248aedc613185
      size: 18709
    - path: code/tiny_train.py
      hash: md5
      md5: b27346719634f6787ad89540a5872931
      size: 3708
    params:
      params.yaml:
        train.batch_size: 64
        train.d_model: 768
        train.dropout: 0.1
        train.epochs: 10
        train.heads: 12
        train.lr: 4.6415888336127824e-05
        train.weight_decay: 0.01
    outs:
    - path: models/tinybert_saved_model
      hash: md5
      md5: 18d124fa1fb3a9d30991ea2c180d3b4e.dir
      size: 18495514
      nfiles: 6
  export:
    cmd: python code/export.py
    deps:
    - path: code/export.py
      hash: md5
      md5: fedac6700d97389ffbb411c07d4f19c3
      size: 1529
    - path: models/tinybert_saved_model
      hash: md5
      md5: 18d124fa1fb3a9d30991ea2c180d3b4e.dir
      size: 18495514
      nfiles: 6
    outs:
    - path: models/tinybert.onnx
      hash: md5
      md5: dc4f2d606deb6e43d18b63891049f815
      size: 17603568
  evaluate:
    cmd: python code/evaluate_model.py
    deps:
    - path: code/evaluate_model.py
      hash: md5
      md5: 37a1f19cebb3e0729722da19c0d3db9e
      size: 2854
    - path: models/tinybert_saved_model
      hash: md5
      md5: 18d124fa1fb3a9d30991ea2c180d3b4e.dir
      size: 18495514
      nfiles: 6
  measure:
    cmd: FP16=0 python code/measure.py
    deps:
    - path: code/measure.py
      hash: md5
      md5: 48e7d80301e4ccf72cd6d5268b7e30b1
      size: 17905
    - path: code/plot_templates/bar_1.json
      hash: md5
      md5: 92dcdaeb45f5549aeab0ff00c7a2080f
      size: 515
    - path: code/plot_templates/bar_2.json
      hash: md5
      md5: f2eefbc5bd57f494a0a012014d81c247
      size: 528
    - path: code/plot_templates/bar_3.json
      hash: md5
      md5: 724e294ba3613e4bacf9facee611f1c6
      size: 609
    - path: code/plot_templates/bar_4.json
      hash: md5
      md5: f5e4670f077f4d7a744fb542c235b7b3
      size: 629
    - path: datasets/tokenized_agnews_test.pt
      hash: md5
      md5: db0ea7f0705e65f4873ac08d1a160cc8
      size: 15627446
    - path: models/tinybert.onnx
      hash: md5
      md5: dc4f2d606deb6e43d18b63891049f815
      size: 17603568
    - path: models/tinybert_saved_model
      hash: md5
      md5: 18d124fa1fb3a9d30991ea2c180d3b4e.dir
      size: 18495514
      nfiles: 6
    params:
      params.yaml:
        measure.batch_sizes:
        - 1
        - 2
        - 4
        - 8
        - 16
        - 32
        - 64
        - 128
        - 256
        - 512
        - 1024
    outs:
    - path: eval_results/accuracy_FP32.json
      hash: md5
      md5: a929872e5791590ad53e3cce53568dd4
      size: 54
    - path: throughput/FP32/latency_results.json
      hash: md5
      md5: 28e9e38a30cc7a17a32740d28c58521f
      size: 3601
    - path: throughput/FP32/latency_results_batch.json
      hash: md5
      md5: 9479fdff77ecd295fb3234c702758482
      size: 3559
    - path: throughput/FP32/throughput_results.json
      hash: md5
      md5: 6a82cf32839f78c99467171f414b917e
      size: 1616
    - path: throughput/FP32/throughput_results_2.json
      hash: md5
      md5: 6a82cf32839f78c99467171f414b917e
      size: 1616
  quantize:
    cmd: python code/brevitas_quant.py
    deps:
    - path: code/brevitas_quant.py
      hash: md5
      md5: b6a4d2beb8859f1f8554986f8a3d6c6e
      size: 1426
    - path: models/tinybert_saved_model
      hash: md5
      md5: 7d34ea52fc26a0cfd22389df3ad4c5f8.dir
      size: 18495514
      nfiles: 6
    outs:
    - path: models/model.onnx
      hash: md5
      md5: 591890517e978faec1b1186af50f03bd
      size: 17639925
  quantize_INT8:
    cmd: python code/brevitas_quant.py
    deps:
    - path: code/brevitas_quant.py
      hash: md5
      md5: 839d219fdd880e3bb2b12d77a75067c4
      size: 1429
    - path: models/tinybert_saved_model
      hash: md5
      md5: 0edfb3bc6aa647bae55e113ac340a5f5.dir
      size: 18495514
      nfiles: 6
    outs:
    - path: models/tinybert_int8/model.onnx
      hash: md5
      md5: 52c4eaf888515f4ae3a33512b0b0ccba
      size: 17639925
  measure_FP16:
    cmd: FP16=1 python code/measure.py
    deps:
    - path: code/measure.py
      hash: md5
      md5: 48e7d80301e4ccf72cd6d5268b7e30b1
      size: 17905
    - path: code/plot_templates/bar_1_FP16.json
      hash: md5
      md5: 3c25e7ae673fcfc1779fe671ef5ef71a
      size: 515
    - path: code/plot_templates/bar_2_FP16.json
      hash: md5
      md5: 79f90683e1ad613c2a33e08b5d49ee92
      size: 528
    - path: code/plot_templates/bar_3_FP16.json
      hash: md5
      md5: 74398b2c22a2bcaa7854e77e392157e4
      size: 609
    - path: code/plot_templates/bar_4_FP16.json
      hash: md5
      md5: 63b5209bc3d81801d31dd9e198920e3f
      size: 629
    - path: datasets/tokenized_agnews_test.pt
      hash: md5
      md5: db0ea7f0705e65f4873ac08d1a160cc8
      size: 15627446
    - path: models/tinybert_int8/model.onnx
      hash: md5
      md5: a045845fd28601d09386c866a008b49b
      size: 17639925
    - path: models/tinybert_saved_model
      hash: md5
      md5: 18d124fa1fb3a9d30991ea2c180d3b4e.dir
      size: 18495514
      nfiles: 6
    params:
      params.yaml:
        measure.batch_sizes:
        - 1
        - 2
        - 4
        - 8
        - 16
        - 32
        - 64
        - 128
        - 256
        - 512
        - 1024
    outs:
    - path: eval_results/accuracy_FP16.json
      hash: md5
      md5: 0163f5fd3b510a40a57d333fcab0cd56
      size: 68
    - path: throughput/FP16/latency_results.json
      hash: md5
      md5: ddc9a8d5a874ec1dc26c49b5e25e6fc9
      size: 3605
    - path: throughput/FP16/latency_results_batch.json
      hash: md5
      md5: 9847e684329afc0891483b341d197f9d
      size: 3559
    - path: throughput/FP16/throughput_results.json
      hash: md5
      md5: 17b98f3558a0409c28e14b730ca94b86
      size: 1631
    - path: throughput/FP16/throughput_results_2.json
      hash: md5
      md5: 17b98f3558a0409c28e14b730ca94b86
      size: 1631
  measure_INT8:
    cmd: python code/measure_int8.py
    deps:
    - path: code/measure_int8.py
      hash: md5
      md5: 27c7a9bc97966da7bdd353b0f9a6d50e
      size: 18746
    - path: code/plot_templates/bar_1_INT8.json
      hash: md5
      md5: 512d0d97671e22f804d637ba1230baff
      size: 515
    - path: code/plot_templates/bar_2_INT8.json
      hash: md5
      md5: 079cf62477a8b45cfd74c52f9c826f00
      size: 528
    - path: code/plot_templates/bar_3_INT8.json
      hash: md5
      md5: a44e05205624dcffd0bf99af17df8027
      size: 609
    - path: code/plot_templates/bar_4_INT8.json
      hash: md5
      md5: 9a82c709579ef72d64518fa009ddee1f
      size: 629
    - path: datasets/tokenized_agnews_test.pt
      hash: md5
      md5: db0ea7f0705e65f4873ac08d1a160cc8
      size: 15627446
    - path: models/tinybert_int8/model.onnx
      hash: md5
      md5: a045845fd28601d09386c866a008b49b
      size: 17639925
    - path: models/tinybert_saved_model
      hash: md5
      md5: 18d124fa1fb3a9d30991ea2c180d3b4e.dir
      size: 18495514
      nfiles: 6
    params:
      params.yaml:
        measure.batch_sizes:
        - 1
        - 2
        - 4
        - 8
        - 16
        - 32
        - 64
        - 128
        - 256
        - 512
        - 1024
    outs:
    - path: eval_results/accuracy_INT8.json
      hash: md5
      md5: 1c32bee73ee0412f386e56fb63b384ca
      size: 67
    - path: throughput/INT8/latency_results.json
      hash: md5
      md5: aa8a17adeda34357ca4080d94b955d95
      size: 3600
    - path: throughput/INT8/latency_results_batch.json
      hash: md5
      md5: f1aa6000de2d1234c4ce5dc6f78854cb
      size: 3563
    - path: throughput/INT8/throughput_results.json
      hash: md5
      md5: dfe2b9a09d676c67cd265d046166a59e
      size: 1621
    - path: throughput/INT8/throughput_results_2.json
      hash: md5
      md5: dfe2b9a09d676c67cd265d046166a59e
      size: 1621
  accuracy_comparison:
    cmd: python code/accuracy_comparison.py
    deps:
    - path: code/accuracy_comparison.py
      hash: md5
      md5: 2a8833667c4a0d4c37c64cbf1123a89b
      size: 878
    - path: eval_results/accuracy_FP16.json
      hash: md5
      md5: 0163f5fd3b510a40a57d333fcab0cd56
      size: 68
    - path: eval_results/accuracy_FP32.json
      hash: md5
      md5: a929872e5791590ad53e3cce53568dd4
      size: 54
    - path: eval_results/accuracy_INT8.json
      hash: md5
      md5: 1c32bee73ee0412f386e56fb63b384ca
      size: 67
    - path: eval_results/accuracy_INT8_tensorrt.json
      hash: md5
      md5: a33320809936ca9035722687bd499fec
      size: 77
    outs:
    - path: eval_results/accuracy.json
      hash: md5
      md5: 5c670795d7a5c3882426bbd805c641b2
      size: 340
  quantize_tensorrt_INT8:
    cmd: python code/tensorrt_quant.py
    deps:
    - path: code/tensorrt_quant.py
      hash: md5
      md5: 70296c40a5d334c985453b6d405ed17f
      size: 4404
    - path: models/tinybert_saved_model
      hash: md5
      md5: 18d124fa1fb3a9d30991ea2c180d3b4e.dir
      size: 18495514
      nfiles: 6
    outs:
    - path: models/engines
      hash: md5
      md5: 3015be3fab13a779da078d5d34b32d56.dir
      size: 207373452
      nfiles: 11
  quantize_int8:
    cmd: python code/brevitas_quant.py
    deps:
    - path: code/brevitas_quant.py
      hash: md5
      md5: 7845f3f0d3ceb3923d60af90ebca99be
      size: 1434
    - path: models/tinybert.onnx
      hash: md5
      md5: dc4f2d606deb6e43d18b63891049f815
      size: 17603568
    outs:
    - path: models/tinybert_int8/model.onnx
      hash: md5
      md5: a045845fd28601d09386c866a008b49b
      size: 17639925
  measure_INT8_tensorrt:
    cmd: python code/measure_int8_tensorrt.py
    deps:
    - path: code/measure_int8_tensorrt.py
      hash: md5
      md5: 293a7039c279d00da00c53e4f4709d71
      size: 18123
    - path: code/plot_templates/bar_1_INT8_tensorrt.json
      hash: md5
      md5: 998b3034452bb8426e05b78d35466daa
      size: 525
    - path: code/plot_templates/bar_2_INT8_tensorrt.json
      hash: md5
      md5: 07c97dc8993669e7e12d788a5fe93364
      size: 538
    - path: code/plot_templates/bar_3_INT8_tensorrt.json
      hash: md5
      md5: 45f7b553dccd6e3b05ba9dd211e39177
      size: 619
    - path: code/plot_templates/bar_4_INT8_tensorrt.json
      hash: md5
      md5: a4a94b5e313ab0a49fc7a80412d7743f
      size: 639
    - path: datasets/tokenized_agnews_test.pt
      hash: md5
      md5: db0ea7f0705e65f4873ac08d1a160cc8
      size: 15627446
    - path: models/engines
      hash: md5
      md5: 3015be3fab13a779da078d5d34b32d56.dir
      size: 207373452
      nfiles: 11
    params:
      params.yaml:
        measure.batch_sizes:
        - 1
        - 2
        - 4
        - 8
        - 16
        - 32
        - 64
        - 128
        - 256
        - 512
        - 1024
    outs:
    - path: eval_results/accuracy_INT8_tensorrt.json
      hash: md5
      md5: a33320809936ca9035722687bd499fec
      size: 77
    - path: throughput/INT8_tensorrt/latency_results.json
      hash: md5
      md5: be424e707babd64607f0cf7e1194c744
      size: 3598
    - path: throughput/INT8_tensorrt/latency_results_batch.json
      hash: md5
      md5: cd36dce5e87f1a6bd22e8d4d9058d8b4
      size: 3560
    - path: throughput/INT8_tensorrt/throughput_results.json
      hash: md5
      md5: e247a51a0770661ec70132052d718ac2
      size: 1623
    - path: throughput/INT8_tensorrt/throughput_results_2.json
      hash: md5
      md5: e247a51a0770661ec70132052d718ac2
      size: 1623
